
Microsoft Visual Studio Solution File, Format Version 12.00
# Visual Studio Version 17
VisualStudioVersion = 17.3.32929.385
MinimumVisualStudioVersion = 10.0.40219.1
Project("{9A19103F-16F7-4668-BE54-9A1E7A4F7556}") = "Api", "Api\Api.csproj", "{DD2871D0-2F92-4710-9493-9519F885D4AD}"
EndProject
Project("{9A19103F-16F7-4668-BE54-9A1E7A4F7556}") = "Domain", "Domain\Domain.csproj", "{C04A0F13-17F8-4FB1-ABCB-A91E85658FC2}"
EndProject
Project("{9A19103F-16F7-4668-BE54-9A1E7A4F7556}") = "Infrastructure", "Infrastructure\Infrastructure.csproj", "{2FB9C325-3E02-4393-9546-C8FAF02917AA}"
EndProject
Project("{9A19103F-16F7-4668-BE54-9A1E7A4F7556}") = "Application", "Application\Application.csproj", "{6802DE96-781F-4D8C-A3E2-734ED0C16E2F}"
EndProject
Project("{9A19103F-16F7-4668-BE54-9A1E7A4F7556}") = "Service", "Service\Service.csproj", "{02948417-E2AD-4E03-9C26-D2C29C396C37}"
EndProject
Project("{9A19103F-16F7-4668-BE54-9A1E7A4F7556}") = "SharedKernel", "SharedKernel\SharedKernel.csproj", "{E260336B-AC08-4E44-B2EF-8D26CCD02B92}"
EndProject
Global
	GlobalSection(SolutionConfigurationPlatforms) = preSolution
		Debug|Any CPU = Debug|Any CPU
		Release|Any CPU = Release|Any CPU
	EndGlobalSection
	GlobalSection(ProjectConfigurationPlatforms) = postSolution
		{DD2871D0-2F92-4710-9493-9519F885D4AD}.Debug|Any CPU.ActiveCfg = Debug|Any CPU
		{DD2871D0-2F92-4710-9493-9519F885D4AD}.Debug|Any CPU.Build.0 = Debug|Any CPU
		{DD2871D0-2F92-4710-9493-9519F885D4AD}.Release|Any CPU.ActiveCfg = Release|Any CPU
		{DD2871D0-2F92-4710-9493-9519F885D4AD}.Release|Any CPU.Build.0 = Release|Any CPU
		{C04A0F13-17F8-4FB1-ABCB-A91E85658FC2}.Debug|Any CPU.ActiveCfg = Debug|Any CPU
		{C04A0F13-17F8-4FB1-ABCB-A91E85658FC2}.Debug|Any CPU.Build.0 = Debug|Any CPU
		{C04A0F13-17F8-4FB1-ABCB-A91E85658FC2}.Release|Any CPU.ActiveCfg = Release|Any CPU
		{C04A0F13-17F8-4FB1-ABCB-A91E85658FC2}.Release|Any CPU.Build.0 = Release|Any CPU
		{2FB9C325-3E02-4393-9546-C8FAF02917AA}.Debug|Any CPU.ActiveCfg = Debug|Any CPU
		{2FB9C325-3E02-4393-9546-C8FAF02917AA}.Debug|Any CPU.Build.0 = Debug|Any CPU
		{2FB9C325-3E02-4393-9546-C8FAF02917AA}.Release|Any CPU.ActiveCfg = Release|Any CPU
		{2FB9C325-3E02-4393-9546-C8FAF02917AA}.Release|Any CPU.Build.0 = Release|Any CPU
		{6802DE96-781F-4D8C-A3E2-734ED0C16E2F}.Debug|Any CPU.ActiveCfg = Debug|Any CPU
		{6802DE96-781F-4D8C-A3E2-734ED0C16E2F}.Debug|Any CPU.Build.0 = Debug|Any CPU
		{6802DE96-781F-4D8C-A3E2-734ED0C16E2F}.Release|Any CPU.ActiveCfg = Release|Any CPU
		{6802DE96-781F-4D8C-A3E2-734ED0C16E2F}.Release|Any CPU.Build.0 = Release|Any CPU
		{02948417-E2AD-4E03-9C26-D2C29C396C37}.Debug|Any CPU.ActiveCfg = Debug|Any CPU
		{02948417-E2AD-4E03-9C26-D2C29C396C37}.Debug|Any CPU.Build.0 = Debug|Any CPU
		{02948417-E2AD-4E03-9C26-D2C29C396C37}.Release|Any CPU.ActiveCfg = Release|Any CPU
		{02948417-E2AD-4E03-9C26-D2C29C396C37}.Release|Any CPU.Build.0 = Release|Any CPU
		{E260336B-AC08-4E44-B2EF-8D26CCD02B92}.Debug|Any CPU.ActiveCfg = Debug|Any CPU
		{E260336B-AC08-4E44-B2EF-8D26CCD02B92}.Debug|Any CPU.Build.0 = Debug|Any CPU
		{E260336B-AC08-4E44-B2EF-8D26CCD02B92}.Release|Any CPU.ActiveCfg = Release|Any CPU
		{E260336B-AC08-4E44-B2EF-8D26CCD02B92}.Release|Any CPU.Build.0 = Release|Any CPU
	EndGlobalSection
	GlobalSection(SolutionProperties) = preSolution
		HideSolutionNode = FALSE
	EndGlobalSection
	GlobalSection(ExtensibilityGlobals) = postSolution
		SolutionGuid = {C694BCE9-9D90-4877-985B-259DC3B0FF68}
	EndGlobalSection
EndGlobal
